{
  "name": "my-parent",
  "version": "1.0.0",
  "lockfileVersion": 1,
  "requires": true,
  "dependencies": {
    "@gvhinks/my-dependency-id-a": {
      "version": "1.0.0",
      "resolved": "https://registry.npmjs.org/@gvhinks/my-dependency-id-a/-/my-dependency-id-a-1.0.0.tgz",
      "integrity": "sha512-t5/CzFxDFaADQ2hKdswiGGuVFldump3rGjvUxsvh1mXAtoVpPoMonUlPWLs4XdAwv55jHaTvNyMsIW6GlcuP9w=="
    }
  }
}
